
Microsoft Visual Studio Solution File, Format Version 12.00
# Visual Studio 15
VisualStudioVersion = 15.0.27520.0
MinimumVisualStudioVersion = 10.0.40219.1
Project("{9A19103F-16F7-4668-BE54-9A1E7A4F7556}") = "Trickery.WebApi", "Trickery.WebApi\Trickery.WebApi.csproj", "{743C363C-E9E5-493F-B626-788C7896E928}"
EndProject
Project("{9A19103F-16F7-4668-BE54-9A1E7A4F7556}") = "Trickery.Configuration", "Trickery.Configuration\Trickery.Configuration.csproj", "{F12627BC-EC3B-4AA4-99C4-2051460AB5CC}"
EndProject
Project("{9A19103F-16F7-4668-BE54-9A1E7A4F7556}") = "Trickery.View.Web", "Trickery.View.Web\Trickery.View.Web.csproj", "{E87236BC-8CEB-4022-BA15-0668180296FF}"
EndProject
Project("{9A19103F-16F7-4668-BE54-9A1E7A4F7556}") = "Trickery.DAL", "Trickery.DAL\Trickery.DAL.csproj", "{94F68FE6-E0F4-4F73-9B43-4E20C559D84F}"
EndProject
Project("{9A19103F-16F7-4668-BE54-9A1E7A4F7556}") = "Trickery", "Trickery\Trickery.csproj", "{09C3BBB1-1A56-4CE5-A3E6-79322429460F}"
EndProject
Project("{9A19103F-16F7-4668-BE54-9A1E7A4F7556}") = "Trickery.ViewModel", "Trickery.ViewModel\Trickery.ViewModel.csproj", "{DA0FEF30-D6B9-47D6-A436-285D152FCF57}"
EndProject
Project("{9A19103F-16F7-4668-BE54-9A1E7A4F7556}") = "Trickery.Model", "Trickery.Model\Trickery.Model.csproj", "{3F7AE5A7-2FF6-4D0D-A63B-A04A8EF18198}"
EndProject
Project("{FAE04EC0-301F-11D3-BF4B-00C04F79EFBC}") = "Trickery.Common", "Trickery.Common\Trickery.Common.csproj", "{D2A94C62-B47D-4D55-991F-DE515E1CF9AE}"
EndProject
Global
	GlobalSection(SolutionConfigurationPlatforms) = preSolution
		Debug|Any CPU = Debug|Any CPU
		Release|Any CPU = Release|Any CPU
	EndGlobalSection
	GlobalSection(ProjectConfigurationPlatforms) = postSolution
		{743C363C-E9E5-493F-B626-788C7896E928}.Debug|Any CPU.ActiveCfg = Debug|Any CPU
		{743C363C-E9E5-493F-B626-788C7896E928}.Debug|Any CPU.Build.0 = Debug|Any CPU
		{743C363C-E9E5-493F-B626-788C7896E928}.Release|Any CPU.ActiveCfg = Release|Any CPU
		{743C363C-E9E5-493F-B626-788C7896E928}.Release|Any CPU.Build.0 = Release|Any CPU
		{F12627BC-EC3B-4AA4-99C4-2051460AB5CC}.Debug|Any CPU.ActiveCfg = Debug|Any CPU
		{F12627BC-EC3B-4AA4-99C4-2051460AB5CC}.Debug|Any CPU.Build.0 = Debug|Any CPU
		{F12627BC-EC3B-4AA4-99C4-2051460AB5CC}.Release|Any CPU.ActiveCfg = Release|Any CPU
		{F12627BC-EC3B-4AA4-99C4-2051460AB5CC}.Release|Any CPU.Build.0 = Release|Any CPU
		{E87236BC-8CEB-4022-BA15-0668180296FF}.Debug|Any CPU.ActiveCfg = Debug|Any CPU
		{E87236BC-8CEB-4022-BA15-0668180296FF}.Debug|Any CPU.Build.0 = Debug|Any CPU
		{E87236BC-8CEB-4022-BA15-0668180296FF}.Release|Any CPU.ActiveCfg = Release|Any CPU
		{E87236BC-8CEB-4022-BA15-0668180296FF}.Release|Any CPU.Build.0 = Release|Any CPU
		{94F68FE6-E0F4-4F73-9B43-4E20C559D84F}.Debug|Any CPU.ActiveCfg = Debug|Any CPU
		{94F68FE6-E0F4-4F73-9B43-4E20C559D84F}.Debug|Any CPU.Build.0 = Debug|Any CPU
		{94F68FE6-E0F4-4F73-9B43-4E20C559D84F}.Release|Any CPU.ActiveCfg = Release|Any CPU
		{94F68FE6-E0F4-4F73-9B43-4E20C559D84F}.Release|Any CPU.Build.0 = Release|Any CPU
		{09C3BBB1-1A56-4CE5-A3E6-79322429460F}.Debug|Any CPU.ActiveCfg = Debug|Any CPU
		{09C3BBB1-1A56-4CE5-A3E6-79322429460F}.Debug|Any CPU.Build.0 = Debug|Any CPU
		{09C3BBB1-1A56-4CE5-A3E6-79322429460F}.Release|Any CPU.ActiveCfg = Release|Any CPU
		{09C3BBB1-1A56-4CE5-A3E6-79322429460F}.Release|Any CPU.Build.0 = Release|Any CPU
		{DA0FEF30-D6B9-47D6-A436-285D152FCF57}.Debug|Any CPU.ActiveCfg = Debug|Any CPU
		{DA0FEF30-D6B9-47D6-A436-285D152FCF57}.Debug|Any CPU.Build.0 = Debug|Any CPU
		{DA0FEF30-D6B9-47D6-A436-285D152FCF57}.Release|Any CPU.ActiveCfg = Release|Any CPU
		{DA0FEF30-D6B9-47D6-A436-285D152FCF57}.Release|Any CPU.Build.0 = Release|Any CPU
		{3F7AE5A7-2FF6-4D0D-A63B-A04A8EF18198}.Debug|Any CPU.ActiveCfg = Debug|Any CPU
		{3F7AE5A7-2FF6-4D0D-A63B-A04A8EF18198}.Debug|Any CPU.Build.0 = Debug|Any CPU
		{3F7AE5A7-2FF6-4D0D-A63B-A04A8EF18198}.Release|Any CPU.ActiveCfg = Release|Any CPU
		{3F7AE5A7-2FF6-4D0D-A63B-A04A8EF18198}.Release|Any CPU.Build.0 = Release|Any CPU
		{D2A94C62-B47D-4D55-991F-DE515E1CF9AE}.Debug|Any CPU.ActiveCfg = Debug|Any CPU
		{D2A94C62-B47D-4D55-991F-DE515E1CF9AE}.Debug|Any CPU.Build.0 = Debug|Any CPU
		{D2A94C62-B47D-4D55-991F-DE515E1CF9AE}.Release|Any CPU.ActiveCfg = Release|Any CPU
		{D2A94C62-B47D-4D55-991F-DE515E1CF9AE}.Release|Any CPU.Build.0 = Release|Any CPU
	EndGlobalSection
	GlobalSection(SolutionProperties) = preSolution
		HideSolutionNode = FALSE
	EndGlobalSection
	GlobalSection(ExtensibilityGlobals) = postSolution
		SolutionGuid = {495982E8-E5E6-427B-81DF-6D69561FE08A}
	EndGlobalSection
EndGlobal
